
Microsoft Visual Studio Solution File, Format Version 12.00
# Visual Studio 15
VisualStudioVersion = 15.0.27703.2026
MinimumVisualStudioVersion = 10.0.40219.1
Project("{2150E333-8FDC-42A3-9474-1A3956D46DE8}") = "Echo", "Echo", "{69FB0CFE-01FA-476D-84F9-41832951982F}"
EndProject
Project("{2150E333-8FDC-42A3-9474-1A3956D46DE8}") = "src", "src", "{9CCB0661-4FDC-4EE0-813D-40CA64F91CFF}"
EndProject
Project("{FAE04EC0-301F-11D3-BF4B-00C04F79EFBC}") = "Echo.Server", "src\Echo\Echo.Server\Echo.Server.csproj", "{376C4A2E-08A8-4A9F-B828-DFD23FDD442B}"
EndProject
Project("{FAE04EC0-301F-11D3-BF4B-00C04F79EFBC}") = "Echo.Client", "src\Echo\Echo.Client\Echo.Client.csproj", "{748D91DF-FD4B-4FA1-ADF9-9111FF14D1C4}"
EndProject
Project("{FAE04EC0-301F-11D3-BF4B-00C04F79EFBC}") = "Echo.Codecs", "src\Echo.Codecs\Echo.Codecs\Echo.Codecs.csproj", "{C6777DEE-CE4A-4720-9CCD-D47C9D19EDDD}"
EndProject
Global
	GlobalSection(SolutionConfigurationPlatforms) = preSolution
		Debug|Any CPU = Debug|Any CPU
		Release|Any CPU = Release|Any CPU
	EndGlobalSection
	GlobalSection(ProjectConfigurationPlatforms) = postSolution
		{376C4A2E-08A8-4A9F-B828-DFD23FDD442B}.Debug|Any CPU.ActiveCfg = Debug|Any CPU
		{376C4A2E-08A8-4A9F-B828-DFD23FDD442B}.Debug|Any CPU.Build.0 = Debug|Any CPU
		{376C4A2E-08A8-4A9F-B828-DFD23FDD442B}.Release|Any CPU.ActiveCfg = Release|Any CPU
		{376C4A2E-08A8-4A9F-B828-DFD23FDD442B}.Release|Any CPU.Build.0 = Release|Any CPU
		{748D91DF-FD4B-4FA1-ADF9-9111FF14D1C4}.Debug|Any CPU.ActiveCfg = Debug|Any CPU
		{748D91DF-FD4B-4FA1-ADF9-9111FF14D1C4}.Debug|Any CPU.Build.0 = Debug|Any CPU
		{748D91DF-FD4B-4FA1-ADF9-9111FF14D1C4}.Release|Any CPU.ActiveCfg = Release|Any CPU
		{748D91DF-FD4B-4FA1-ADF9-9111FF14D1C4}.Release|Any CPU.Build.0 = Release|Any CPU
		{C6777DEE-CE4A-4720-9CCD-D47C9D19EDDD}.Debug|Any CPU.ActiveCfg = Debug|Any CPU
		{C6777DEE-CE4A-4720-9CCD-D47C9D19EDDD}.Debug|Any CPU.Build.0 = Debug|Any CPU
		{C6777DEE-CE4A-4720-9CCD-D47C9D19EDDD}.Release|Any CPU.ActiveCfg = Release|Any CPU
		{C6777DEE-CE4A-4720-9CCD-D47C9D19EDDD}.Release|Any CPU.Build.0 = Release|Any CPU
	EndGlobalSection
	GlobalSection(SolutionProperties) = preSolution
		HideSolutionNode = FALSE
	EndGlobalSection
	GlobalSection(NestedProjects) = preSolution
		{69FB0CFE-01FA-476D-84F9-41832951982F} = {9CCB0661-4FDC-4EE0-813D-40CA64F91CFF}
		{376C4A2E-08A8-4A9F-B828-DFD23FDD442B} = {69FB0CFE-01FA-476D-84F9-41832951982F}
		{748D91DF-FD4B-4FA1-ADF9-9111FF14D1C4} = {69FB0CFE-01FA-476D-84F9-41832951982F}
		{C6777DEE-CE4A-4720-9CCD-D47C9D19EDDD} = {69FB0CFE-01FA-476D-84F9-41832951982F}
	EndGlobalSection
	GlobalSection(ExtensibilityGlobals) = postSolution
		SolutionGuid = {90F99B70-7E9C-4D95-8B5D-CF0F31B47EBF}
	EndGlobalSection
EndGlobal
